// !$*UTF8*$!
{
	archiveVersion = 1;
	classes = {
	};
	objectVersion = 46;
	objects = {

/* Begin PBXBuildFile section */
		BFD64E901B27AFA6006F1549 /* AppDelegate.swift in Sources */ = {isa = PBXBuildFile; fileRef = BFD64E8F1B27AFA6006F1549 /* AppDelegate.swift */; };
		BFD64E921B27AFA6006F1549 /* ViewController.swift in Sources */ = {isa = PBXBuildFile; fileRef = BFD64E911B27AFA6006F1549 /* ViewController.swift */; };
		BFD64E951B27AFA6006F1549 /* Main.storyboard in Resources */ = {isa = PBXBuildFile; fileRef = BFD64E931B27AFA6006F1549 /* Main.storyboard */; };
		BFD64E971B27AFA6006F1549 /* Images.xcassets in Resources */ = {isa = PBXBuildFile; fileRef = BFD64E961B27AFA6006F1549 /* Images.xcassets */; };
		BFD64E9A1B27AFA6006F1549 /* LaunchScreen.xib in Resources */ = {isa = PBXBuildFile; fileRef = BFD64E981B27AFA6006F1549 /* LaunchScreen.xib */; };
		BFD64EA61B27AFA6006F1549 /* cupcakes4lunchTests.swift in Sources */ = {isa = PBXBuildFile; fileRef = BFD64EA51B27AFA6006F1549 /* cupcakes4lunchTests.swift */; };
/* End PBXBuildFile section */

/* Begin PBXContainerItemProxy section */
		BFD64EA01B27AFA6006F1549 /* PBXContainerItemProxy */ = {
			isa = PBXContainerItemProxy;
			containerPortal = BFD64E821B27AFA5006F1549 /* Project object */;
			proxyType = 1;
			remoteGlobalIDString = BFD64E891B27AFA5006F1549;
			remoteInfo = cupcakes4lunch;
		};
/* End PBXContainerItemProxy section */

/* Begin PBXFileReference section */
		BFD64E8A1B27AFA6006F1549 /* cupcakes4lunch.app */ = {isa = PBXFileReference; explicitFileType = wrapper.application; includeInIndex = 0; path = cupcakes4lunch.app; sourceTree = BUILT_PRODUCTS_DIR; };
		BFD64E8E1B27AFA6006F1549 /* Info.plist */ = {isa = PBXFileReference; lastKnownFileType = text.plist.xml; path = Info.plist; sourceTree = "<group>"; };
		BFD64E8F1B27AFA6006F1549 /* AppDelegate.swift */ = {isa = PBXFileReference; lastKnownFileType = sourcecode.swift; path = AppDelegate.swift; sourceTree = "<group>"; };
		BFD64E911B27AFA6006F1549 /* ViewController.swift */ = {isa = PBXFileReference; lastKnownFileType = sourcecode.swift; path = ViewController.swift; sourceTree = "<group>"; };
		BFD64E941B27AFA6006F1549 /* Base */ = {isa = PBXFileReference; lastKnownFileType = file.storyboard; name = Base; path = Base.lproj/Main.storyboard; sourceTree = "<group>"; };
		BFD64E961B27AFA6006F1549 /* Images.xcassets */ = {isa = PBXFileReference; lastKnownFileType = folder.assetcatalog; path = Images.xcassets; sourceTree = "<group>"; };
		BFD64E991B27AFA6006F1549 /* Base */ = {isa = PBXFileReference; lastKnownFileType = file.xib; name = Base; path = Base.lproj/LaunchScreen.xib; sourceTree = "<group>"; };
		BFD64E9F1B27AFA6006F1549 /* cupcakes4lunchTests.xctest */ = {isa = PBXFileReference; explicitFileType = wrapper.cfbundle; includeInIndex = 0; path = cupcakes4lunchTests.xctest; sourceTree = BUILT_PRODUCTS_DIR; };
		BFD64EA41B27AFA6006F1549 /* Info.plist */ = {isa = PBXFileReference; lastKnownFileType = text.plist.xml; path = Info.plist; sourceTree = "<group>"; };
		BFD64EA51B27AFA6006F1549 /* cupcakes4lunchTests.swift */ = {isa = PBXFileReference; lastKnownFileType = sourcecode.swift; path = cupcakes4lunchTests.swift; sourceTree = "<group>"; };
/* End PBXFileReference section */

/* Begin PBXFrameworksBuildPhase section */
		BFD64E871B27AFA5006F1549 /* Frameworks */ = {
			isa = PBXFrameworksBuildPhase;
			buildActionMask = 2147483647;
			files = (
			);
			runOnlyForDeploymentPostprocessing = 0;
		};
		BFD64E9C1B27AFA6006F1549 /* Frameworks */ = {
			isa = PBXFrameworksBuildPhase;
			buildActionMask = 2147483647;
			files = (
			);
			runOnlyForDeploymentPostprocessing = 0;
		};
/* End PBXFrameworksBuildPhase section */

/* Begin PBXGroup section */
		BFD64E811B27AFA5006F1549 = {
			isa = PBXGroup;
			children = (
				BFD64E8C1B27AFA6006F1549 /* cupcakes4lunch */,
				BFD64EA21B27AFA6006F1549 /* cupcakes4lunchTests */,
				BFD64E8B1B27AFA6006F1549 /* Products */,
			);
			sourceTree = "<group>";
		};
		BFD64E8B1B27AFA6006F1549 /* Products */ = {
			isa = PBXGroup;
			children = (
				BFD64E8A1B27AFA6006F1549 /* cupcakes4lunch.app */,
				BFD64E9F1B27AFA6006F1549 /* cupcakes4lunchTests.xctest */,
			);
			name = Products;
			sourceTree = "<group>";
		};
		BFD64E8C1B27AFA6006F1549 /* cupcakes4lunch */ = {
			isa = PBXGroup;
			children = (
				BFD64E8F1B27AFA6006F1549 /* AppDelegate.swift */,
				BFD64E911B27AFA6006F1549 /* ViewController.swift */,
				BFD64E931B27AFA6006F1549 /* Main.storyboard */,
				BFD64E961B27AFA6006F1549 /* Images.xcassets */,
				BFD64E981B27AFA6006F1549 /* LaunchScreen.xib */,
				BFD64E8D1B27AFA6006F1549 /* Supporting Files */,
			);
			path = cupcakes4lunch;
			sourceTree = "<group>";
		};
		BFD64E8D1B27AFA6006F1549 /* Supporting Files */ = {
			isa = PBXGroup;
			children = (
				BFD64E8E1B27AFA6006F1549 /* Info.plist */,
			);
			name = "Supporting Files";
			sourceTree = "<group>";
		};
		BFD64EA21B27AFA6006F1549 /* cupcakes4lunchTests */ = {
			isa = PBXGroup;
			children = (
				BFD64EA51B27AFA6006F1549 /* cupcakes4lunchTests.swift */,
				BFD64EA31B27AFA6006F1549 /* Supporting Files */,
			);
			path = cupcakes4lunchTests;
			sourceTree = "<group>";
		};
		BFD64EA31B27AFA6006F1549 /* Supporting Files */ = {
			isa = PBXGroup;
			children = (
				BFD64EA41B27AFA6006F1549 /* Info.plist */,
			);
			name = "Supporting Files";
			sourceTree = "<group>";
		};
/* End PBXGroup section */

/* Begin PBXNativeTarget section */
		BFD64E891B27AFA5006F1549 /* cupcakes4lunch */ = {
			isa = PBXNativeTarget;
			buildConfigurationList = BFD64EA91B27AFA6006F1549 /* Build configuration list for PBXNativeTarget "cupcakes4lunch" */;
			buildPhases = (
				BFD64E861B27AFA5006F1549 /* Sources */,
				BFD64E871B27AFA5006F1549 /* Frameworks */,
				BFD64E881B27AFA5006F1549 /* Resources */,
			);
			buildRules = (
			);
			dependencies = (
			);
			name = cupcakes4lunch;
			productName = cupcakes4lunch;
			productReference = BFD64E8A1B27AFA6006F1549 /* cupcakes4lunch.app */;
			productType = "com.apple.product-type.application";
		};
		BFD64E9E1B27AFA6006F1549 /* cupcakes4lunchTests */ = {
			isa = PBXNativeTarget;
			buildConfigurationList = BFD64EAC1B27AFA6006F1549 /* Build configuration list for PBXNativeTarget "cupcakes4lunchTests" */;
			buildPhases = (
				BFD64E9B1B27AFA6006F1549 /* Sources */,
				BFD64E9C1B27AFA6006F1549 /* Frameworks */,
				BFD64E9D1B27AFA6006F1549 /* Resources */,
			);
			buildRules = (
			);
			dependencies = (
				BFD64EA11B27AFA6006F1549 /* PBXTargetDependency */,
			);
			name = cupcakes4lunchTests;
			productName = cupcakes4lunchTests;
			productReference = BFD64E9F1B27AFA6006F1549 /* cupcakes4lunchTests.xctest */;
			productType = "com.apple.product-type.bundle.unit-test";
		};
/* End PBXNativeTarget section */

/* Begin PBXProject section */
		BFD64E821B27AFA5006F1549 /* Project object */ = {
			isa = PBXProject;
			attributes = {
				LastUpgradeCheck = 0630;
				ORGANIZATIONNAME = "Tamisha McQuilkin";
				TargetAttributes = {
					BFD64E891B27AFA5006F1549 = {
						CreatedOnToolsVersion = 6.3.2;
					};
					BFD64E9E1B27AFA6006F1549 = {
						CreatedOnToolsVersion = 6.3.2;
						TestTargetID = BFD64E891B27AFA5006F1549;
					};
				};
			};
			buildConfigurationList = BFD64E851B27AFA5006F1549 /* Build configuration list for PBXProject "cupcakes4lunch" */;
			compatibilityVersion = "Xcode 3.2";
			developmentRegion = English;
			hasScannedForEncodings = 0;
			knownRegions = (
				en,
				Base,
			);
			mainGroup = BFD64E811B27AFA5006F1549;
			productRefGroup = BFD64E8B1B27AFA6006F1549 /* Products */;
			projectDirPath = "";
			projectRoot = "";
			targets = (
				BFD64E891B27AFA5006F1549 /* cupcakes4lunch */,
				BFD64E9E1B27AFA6006F1549 /* cupcakes4lunchTests */,
			);
		};
/* End PBXProject section */

/* Begin PBXResourcesBuildPhase section */
		BFD64E881B27AFA5006F1549 /* Resources */ = {
			isa = PBXResourcesBuildPhase;
			buildActionMask = 2147483647;
			files = (
				BFD64E951B27AFA6006F1549 /* Main.storyboard in Resources */,
				BFD64E9A1B27AFA6006F1549 /* LaunchScreen.xib in Resources */,
				BFD64E971B27AFA6006F1549 /* Images.xcassets in Resources */,
			);
			runOnlyForDeploymentPostprocessing = 0;
		};
		BFD64E9D1B27AFA6006F1549 /* Resources */ = {
			isa = PBXResourcesBuildPhase;
			buildActionMask = 2147483647;
			files = (
			);
			runOnlyForDeploymentPostprocessing = 0;
		};
/* End PBXResourcesBuildPhase section */

/* Begin PBXSourcesBuildPhase section */
		BFD64E861B27AFA5006F1549 /* Sources */ = {
			isa = PBXSourcesBuildPhase;
			buildActionMask = 2147483647;
			files = (
				BFD64E921B27AFA6006F1549 /* ViewController.swift in Sources */,
				BFD64E901B27AFA6006F1549 /* AppDelegate.swift in Sources */,
			);
			runOnlyForDeploymentPostprocessing = 0;
		};
		BFD64E9B1B27AFA6006F1549 /* Sources */ = {
			isa = PBXSourcesBuildPhase;
			buildActionMask = 2147483647;
			files = (
				BFD64EA61B27AFA6006F1549 /* cupcakes4lunchTests.swift in Sources */,
			);
			runOnlyForDeploymentPostprocessing = 0;
		};
/* End PBXSourcesBuildPhase section */

/* Begin PBXTargetDependency section */
		BFD64EA11B27AFA6006F1549 /* PBXTargetDependency */ = {
			isa = PBXTargetDependency;
			target = BFD64E891B27AFA5006F1549 /* cupcakes4lunch */;
			targetProxy = BFD64EA01B27AFA6006F1549 /* PBXContainerItemProxy */;
		};
/* End PBXTargetDependency section */

/* Begin PBXVariantGroup section */
		BFD64E931B27AFA6006F1549 /* Main.storyboard */ = {
			isa = PBXVariantGroup;
			children = (
				BFD64E941B27AFA6006F1549 /* Base */,
			);
			name = Main.storyboard;
			sourceTree = "<group>";
		};
		BFD64E981B27AFA6006F1549 /* LaunchScreen.xib */ = {
			isa = PBXVariantGroup;
			children = (
				BFD64E991B27AFA6006F1549 /* Base */,
			);
			name = LaunchScreen.xib;
			sourceTree = "<group>";
		};
/* End PBXVariantGroup section */

/* Begin XCBuildConfiguration section */
		BFD64EA71B27AFA6006F1549 /* Debug */ = {
			isa = XCBuildConfiguration;
			buildSettings = {
				ALWAYS_SEARCH_USER_PATHS = NO;
				CLANG_CXX_LANGUAGE_STANDARD = "gnu++0x";
				CLANG_CXX_LIBRARY = "libc++";
				CLANG_ENABLE_MODULES = YES;
				CLANG_ENABLE_OBJC_ARC = YES;
				CLANG_WARN_BOOL_CONVERSION = YES;
				CLANG_WARN_CONSTANT_CONVERSION = YES;
				CLANG_WARN_DIRECT_OBJC_ISA_USAGE = YES_ERROR;
				CLANG_WARN_EMPTY_BODY = YES;
				CLANG_WARN_ENUM_CONVERSION = YES;
				CLANG_WARN_INT_CONVERSION = YES;
				CLANG_WARN_OBJC_ROOT_CLASS = YES_ERROR;
				CLANG_WARN_UNREACHABLE_CODE = YES;
				CLANG_WARN__DUPLICATE_METHOD_MATCH = YES;
				"CODE_SIGN_IDENTITY[sdk=iphoneos*]" = "iPhone Developer";
				COPY_PHASE_STRIP = NO;
				DEBUG_INFORMATION_FORMAT = "dwarf-with-dsym";
				ENABLE_STRICT_OBJC_MSGSEND = YES;
				GCC_C_LANGUAGE_STANDARD = gnu99;
				GCC_DYNAMIC_NO_PIC = NO;
				GCC_NO_COMMON_BLOCKS = YES;
				GCC_OPTIMIZATION_LEVEL = 0;
				GCC_PREPROCESSOR_DEFINITIONS = (
					"DEBUG=1",
					"$(inherited)",
				);
				GCC_SYMBOLS_PRIVATE_EXTERN = NO;
				GCC_WARN_64_TO_32_BIT_CONVERSION = YES;
				GCC_WARN_ABOUT_RETURN_TYPE = YES_ERROR;
				GCC_WARN_UNDECLARED_SELECTOR = YES;
				GCC_WARN_UNINITIALIZED_AUTOS = YES_AGGRESSIVE;
				GCC_WARN_UNUSED_FUNCTION = YES;
				GCC_WARN_UNUSED_VARIABLE = YES;
				IPHONEOS_DEPLOYMENT_TARGET = 8.3;
				MTL_ENABLE_DEBUG_INFO = YES;
				ONLY_ACTIVE_ARCH = YES;
				SDKROOT = iphoneos;
				SWIFT_OPTIMIZATION_LEVEL = "-Onone";
				TARGETED_DEVICE_FAMILY = "1,2";
			};
			name = Debug;
		};
		BFD64EA81B27AFA6006F1549 /* Release */ = {
			isa = XCBuildConfiguration;
			buildSettings = {
				ALWAYS_SEARCH_USER_PATHS = NO;
				CLANG_CXX_LANGUAGE_STANDARD = "gnu++0x";
				CLANG_CXX_LIBRARY = "libc++";
				CLANG_ENABLE_MODULES = YES;
				CLANG_ENABLE_OBJC_ARC = YES;
				CLANG_WARN_BOOL_CONVERSION = YES;
				CLANG_WARN_CONSTANT_CONVERSION = YES;
				CLANG_WARN_DIRECT_OBJC_ISA_USAGE = YES_ERROR;
				CLANG_WARN_EMPTY_BODY = YES;
				CLANG_WARN_ENUM_CONVERSION = YES;
				CLANG_WARN_INT_CONVERSION = YES;
				CLANG_WARN_OBJC_ROOT_CLASS = YES_ERROR;
				CLANG_WARN_UNREACHABLE_CODE = YES;
				CLANG_WARN__DUPLICATE_METHOD_MATCH = YES;
				"CODE_SIGN_IDENTITY[sdk=iphoneos*]" = "iPhone Developer";
				COPY_PHASE_STRIP = NO;
				DEBUG_INFORMATION_FORMAT = "dwarf-with-dsym";
				ENABLE_NS_ASSERTIONS = NO;
				ENABLE_STRICT_OBJC_MSGSEND = YES;
				GCC_C_LANGUAGE_STANDARD = gnu99;
				GCC_NO_COMMON_BLOCKS = YES;
				GCC_WARN_64_TO_32_BIT_CONVERSION = YES;
				GCC_WARN_ABOUT_RETURN_TYPE = YES_ERROR;
				GCC_WARN_UNDECLARED_SELECTOR = YES;
				GCC_WARN_UNINITIALIZED_AUTOS = YES_AGGRESSIVE;
				GCC_WARN_UNUSED_FUNCTION = YES;
				GCC_WARN_UNUSED_VARIABLE = YES;
				IPHONEOS_DEPLOYMENT_TARGET = 8.3;
				MTL_ENABLE_DEBUG_INFO = NO;
				SDKROOT = iphoneos;
				TARGETED_DEVICE_FAMILY = "1,2";
				VALIDATE_PRODUCT = YES;
			};
			name = Release;
		};
		BFD64EAA1B27AFA6006F1549 /* Debug */ = {
			isa = XCBuildConfiguration;
			buildSettings = {
				ASSETCATALOG_COMPILER_APPICON_NAME = AppIcon;
				INFOPLIST_FILE = cupcakes4lunch/Info.plist;
				LD_RUNPATH_SEARCH_PATHS = "$(inherited) @executable_path/Frameworks";
				PRODUCT_NAME = "$(TARGET_NAME)";
			};
			name = Debug;
		};
		BFD64EAB1B27AFA6006F1549 /* Release */ = {
			isa = XCBuildConfiguration;
			buildSettings = {
				ASSETCATALOG_COMPILER_APPICON_NAME = AppIcon;
				INFOPLIST_FILE = cupcakes4lunch/Info.plist;
				LD_RUNPATH_SEARCH_PATHS = "$(inherited) @executable_path/Frameworks";
				PRODUCT_NAME = "$(TARGET_NAME)";
			};
			name = Release;
		};
		BFD64EAD1B27AFA6006F1549 /* Debug */ = {
			isa = XCBuildConfiguration;
			buildSettings = {
				BUNDLE_LOADER = "$(TEST_HOST)";
				FRAMEWORK_SEARCH_PATHS = (
					"$(SDKROOT)/Developer/Library/Frameworks",
					"$(inherited)",
				);
				GCC_PREPROCESSOR_DEFINITIONS = (
					"DEBUG=1",
					"$(inherited)",
				);
				INFOPLIST_FILE = cupcakes4lunchTests/Info.plist;
				LD_RUNPATH_SEARCH_PATHS = "$(inherited) @executable_path/Frameworks @loader_path/Frameworks";
				PRODUCT_NAME = "$(TARGET_NAME)";
				TEST_HOST = "$(BUILT_PRODUCTS_DIR)/cupcakes4lunch.app/cupcakes4lunch";
			};
			name = Debug;
		};
		BFD64EAE1B27AFA6006F1549 /* Release */ = {
			isa = XCBuildConfiguration;
			buildSettings = {
				BUNDLE_LOADER = "$(TEST_HOST)";
				FRAMEWORK_SEARCH_PATHS = (
					"$(SDKROOT)/Developer/Library/Frameworks",
					"$(inherited)",
				);
				INFOPLIST_FILE = cupcakes4lunchTests/Info.plist;
				LD_RUNPATH_SEARCH_PATHS = "$(inherited) @executable_path/Frameworks @loader_path/Frameworks";
				PRODUCT_NAME = "$(TARGET_NAME)";
				TEST_HOST = "$(BUILT_PRODUCTS_DIR)/cupcakes4lunch.app/cupcakes4lunch";
			};
			name = Release;
		};
/* End XCBuildConfiguration section */

/* Begin XCConfigurationList section */
		BFD64E851B27AFA5006F1549 /* Build configuration list for PBXProject "cupcakes4lunch" */ = {
			isa = XCConfigurationList;
			buildConfigurations = (
				BFD64EA71B27AFA6006F1549 /* Debug */,
				BFD64EA81B27AFA6006F1549 /* Release */,
			);
			defaultConfigurationIsVisible = 0;
			defaultConfigurationName = Release;
		};
		BFD64EA91B27AFA6006F1549 /* Build configuration list for PBXNativeTarget "cupcakes4lunch" */ = {
			isa = XCConfigurationList;
			buildConfigurations = (
				BFD64EAA1B27AFA6006F1549 /* Debug */,
				BFD64EAB1B27AFA6006F1549 /* Release */,
			);
			defaultConfigurationIsVisible = 0;
		};
		BFD64EAC1B27AFA6006F1549 /* Build configuration list for PBXNativeTarget "cupcakes4lunchTests" */ = {
			isa = XCConfigurationList;
			buildConfigurations = (
				BFD64EAD1B27AFA6006F1549 /* Debug */,
				BFD64EAE1B27AFA6006F1549 /* Release */,
			);
			defaultConfigurationIsVisible = 0;
		};
/* End XCConfigurationList section */
	};
	rootObject = BFD64E821B27AFA5006F1549 /* Project object */;
}
